{
  "name": "airteal_payment_bank_1",
  "lockfileVersion": 3,
  "requires": true,
  "packages": {
    "": {
      "dependencies": {
        "blinker": "^1.0.2",
        "flask": "^0.2.10"
      }
    },
    "node_modules/blinker": {
      "version": "1.0.2",
      "resolved": "https://registry.npmjs.org/blinker/-/blinker-1.0.2.tgz",
      "integrity": "sha512-H+6MMmrCHI/PFr4Pgg6I+jBwO1uRJ4nScdJ+Kr3g0r1utEkJZYhqy0IjXqc/yPOjtgAWsbuOGY8j99sSpSFQCg==",
      "license": "MIT"
    },
    "node_modules/flask": {
      "version": "0.2.10",
      "resolved": "https://registry.npmjs.org/flask/-/flask-0.2.10.tgz",
      "integrity": "sha512-Zy69KIuFsoX0o2W5uDHHk1GHMwRT8QT0AboPQY7b1soCfJ2pfwKxHF2AGVwJmDUjzawgOavoY/UsXnZ7fk3lVQ==",
      "license": "MIT"
    }
  }
}
